<?xml version="1.0" encoding="utf-8"?>
<Project ToolsVersion="4.0" xmlns="http://schemas.microsoft.com/developer/msbuild/2003">
  <ItemGroup>
    <Filter Include="源文件">
      <UniqueIdentifier>{4FC737F1-C7A5-4376-A066-2A32D752A2FF}</UniqueIdentifier>
      <Extensions>cpp;c;cc;cxx;c++;cppm;ixx;def;odl;idl;hpj;bat;asm;asmx</Extensions>
    </Filter>
    <Filter Include="头文件">
      <UniqueIdentifier>{93995380-89BD-4b04-88EB-625FBE52EBFB}</UniqueIdentifier>
      <Extensions>h;hh;hpp;hxx;h++;hm;inl;inc;ipp;xsd</Extensions>
    </Filter>
    <Filter Include="资源文件">
      <UniqueIdentifier>{67DA6AB6-F800-4c08-8B7A-83BB121AAD01}</UniqueIdentifier>
      <Extensions>rc;ico;cur;bmp;dlg;rc2;rct;bin;rgs;gif;jpg;jpeg;jpe;resx;tiff;tif;png;wav;mfcribbon-ms</Extensions>
    </Filter>
    <Filter Include="头文件\tcp">
      <UniqueIdentifier>{5aca6e3b-d6a5-41b1-b7f5-34729883802a}</UniqueIdentifier>
    </Filter>
    <Filter Include="源文件\tcp">
      <UniqueIdentifier>{9e8a391a-a54b-4a28-a380-cd21e3928bd5}</UniqueIdentifier>
    </Filter>
    <Filter Include="头文件\tcp\event">
      <UniqueIdentifier>{8b97da45-3862-4a3c-bd66-3262559fa6b9}</UniqueIdentifier>
    </Filter>
    <Filter Include="源文件\tcp\event">
      <UniqueIdentifier>{d6878b53-5484-48f7-b786-da0e2d0005f0}</UniqueIdentifier>
    </Filter>
    <Filter Include="头文件\tcp\eventhandler">
      <UniqueIdentifier>{17bd1f1b-20fb-4645-bf1d-7f65e531d7c2}</UniqueIdentifier>
    </Filter>
    <Filter Include="源文件\tcp\eventhandler">
      <UniqueIdentifier>{2a6c98df-9a73-497b-a34f-5baa3742551d}</UniqueIdentifier>
    </Filter>
    <Filter Include="头文件\http">
      <UniqueIdentifier>{14e67a2b-4862-4257-9124-e8b84f1e4409}</UniqueIdentifier>
    </Filter>
    <Filter Include="源文件\http">
      <UniqueIdentifier>{2df78873-611b-4710-889e-9bf91e34a74f}</UniqueIdentifier>
    </Filter>
    <Filter Include="头文件\exception">
      <UniqueIdentifier>{512c66e2-82cf-448b-9f91-c9f96799f77f}</UniqueIdentifier>
    </Filter>
    <Filter Include="源文件\exception">
      <UniqueIdentifier>{d2f42218-87fc-441c-9ff0-6643c7f0bd42}</UniqueIdentifier>
    </Filter>
  </ItemGroup>
  <ItemGroup>
    <ClCompile Include="cppserver.cpp">
      <Filter>源文件</Filter>
    </ClCompile>
    <ClCompile Include="TCPServer.cpp">
      <Filter>源文件\tcp</Filter>
    </ClCompile>
    <ClCompile Include="TCPReadEvent.cpp">
      <Filter>源文件\tcp\event</Filter>
    </ClCompile>
    <ClCompile Include="TCPSendEvent.cpp">
      <Filter>源文件\tcp\event</Filter>
    </ClCompile>
    <ClCompile Include="TCPAcceptEvent.cpp">
      <Filter>源文件\tcp\event</Filter>
    </ClCompile>
    <ClCompile Include="TCPReadEventHandler.cpp">
      <Filter>源文件\tcp\eventhandler</Filter>
    </ClCompile>
    <ClCompile Include="TCPSendEventHandler.cpp">
      <Filter>源文件\tcp\eventhandler</Filter>
    </ClCompile>
    <ClCompile Include="TCPAcceptEventHandler.cpp">
      <Filter>源文件\tcp\eventhandler</Filter>
    </ClCompile>
    <ClCompile Include="SingleThreadBlockTCPServer.cpp">
      <Filter>源文件\tcp</Filter>
    </ClCompile>
    <ClCompile Include="CPPHTTPServer.cpp">
      <Filter>源文件\http</Filter>
    </ClCompile>
    <ClCompile Include="HTTPRequest.cpp">
      <Filter>源文件\http</Filter>
    </ClCompile>
    <ClCompile Include="HTTPResponse.cpp">
      <Filter>源文件\http</Filter>
    </ClCompile>
    <ClCompile Include="HTTPRequestHandler.cpp">
      <Filter>源文件\http</Filter>
    </ClCompile>
    <ClCompile Include="Exception.cpp">
      <Filter>源文件\exception</Filter>
    </ClCompile>
  </ItemGroup>
  <ItemGroup>
    <ClInclude Include="TCPServer.h">
      <Filter>头文件\tcp</Filter>
    </ClInclude>
    <ClInclude Include="TCPReadEvent.h">
      <Filter>头文件\tcp\event</Filter>
    </ClInclude>
    <ClInclude Include="TCPSendEvent.h">
      <Filter>头文件\tcp\event</Filter>
    </ClInclude>
    <ClInclude Include="TCPAcceptEvent.h">
      <Filter>头文件\tcp\event</Filter>
    </ClInclude>
    <ClInclude Include="TCPReadEventHandler.h">
      <Filter>头文件\tcp\eventhandler</Filter>
    </ClInclude>
    <ClInclude Include="TCPSendEventHandler.h">
      <Filter>头文件\tcp\eventhandler</Filter>
    </ClInclude>
    <ClInclude Include="TCPAcceptEventHandler.h">
      <Filter>头文件\tcp\eventhandler</Filter>
    </ClInclude>
    <ClInclude Include="SingleThreadBlockTCPServer.h">
      <Filter>头文件\tcp</Filter>
    </ClInclude>
    <ClInclude Include="CPPHTTPServer.h">
      <Filter>头文件\http</Filter>
    </ClInclude>
    <ClInclude Include="HTTPRequest.h">
      <Filter>头文件\http</Filter>
    </ClInclude>
    <ClInclude Include="HTTPRequestHandler.h">
      <Filter>头文件\http</Filter>
    </ClInclude>
    <ClInclude Include="HTTPResponse.h">
      <Filter>头文件\http</Filter>
    </ClInclude>
    <ClInclude Include="Exception.h">
      <Filter>头文件\exception</Filter>
    </ClInclude>
  </ItemGroup>
</Project>